
Microsoft Visual Studio Solution File, Format Version 12.00
# Visual Studio Version 16
VisualStudioVersion = 16.0.29509.3
MinimumVisualStudioVersion = 10.0.40219.1
Project("{FAE04EC0-301F-11D3-BF4B-00C04F79EFBC}") = "RecibosAxosCliente", "RecibosAxosCliente\RecibosAxosCliente.csproj", "{F3146288-E395-4D81-872A-2748E9F72D19}"
EndProject
Project("{FAE04EC0-301F-11D3-BF4B-00C04F79EFBC}") = "RecibosAxosApiClient", "RecibosAxosApiClient\RecibosAxosApiClient.csproj", "{0697B65D-A1B2-4512-BAFF-640A37073E66}"
EndProject
Global
	GlobalSection(SolutionConfigurationPlatforms) = preSolution
		Debug|Any CPU = Debug|Any CPU
		Release|Any CPU = Release|Any CPU
	EndGlobalSection
	GlobalSection(ProjectConfigurationPlatforms) = postSolution
		{F3146288-E395-4D81-872A-2748E9F72D19}.Debug|Any CPU.ActiveCfg = Debug|Any CPU
		{F3146288-E395-4D81-872A-2748E9F72D19}.Debug|Any CPU.Build.0 = Debug|Any CPU
		{F3146288-E395-4D81-872A-2748E9F72D19}.Release|Any CPU.ActiveCfg = Release|Any CPU
		{F3146288-E395-4D81-872A-2748E9F72D19}.Release|Any CPU.Build.0 = Release|Any CPU
		{0697B65D-A1B2-4512-BAFF-640A37073E66}.Debug|Any CPU.ActiveCfg = Debug|Any CPU
		{0697B65D-A1B2-4512-BAFF-640A37073E66}.Debug|Any CPU.Build.0 = Debug|Any CPU
		{0697B65D-A1B2-4512-BAFF-640A37073E66}.Release|Any CPU.ActiveCfg = Release|Any CPU
		{0697B65D-A1B2-4512-BAFF-640A37073E66}.Release|Any CPU.Build.0 = Release|Any CPU
	EndGlobalSection
	GlobalSection(SolutionProperties) = preSolution
		HideSolutionNode = FALSE
	EndGlobalSection
	GlobalSection(ExtensibilityGlobals) = postSolution
		SolutionGuid = {975BC98D-D88C-42CF-AFD2-A32623DC9BB7}
	EndGlobalSection
EndGlobal
